{
  "name": "web-reduce",
  "version": "1.0.0",
  "lockfileVersion": 2,
  "requires": true,
  "packages": {
    "": {
      "name": "web-reduce",
      "version": "1.0.0",
      "license": "ISC",
      "dependencies": {
        "@cortex-js/compute-engine": "^0.24.1",
        "ace-builds": "^1.28.0",
        "bootstrap": "^5.3.2",
        "mathjax": "^3.2.2",
        "mathlive": "^0.98.6"
      }
    },
    "node_modules/@cortex-js/compute-engine": {
      "version": "0.24.1",
      "resolved": "https://registry.npmjs.org/@cortex-js/compute-engine/-/compute-engine-0.24.1.tgz",
      "integrity": "sha512-B9pLaZFC1vBrL64yR2LQWy2sj1E/+wtwIVokPuPqX8YWXwj9W2AMVyS9pSMN8gEdjpAC50nSmtL6110Rgi7dKA==",
      "dependencies": {
        "complex.js": "^2.1.1",
        "decimal.js": "^10.4.3"
      },
      "engines": {
        "node": ">=16.14.2",
        "npm": ">=8.5.0"
      }
    },
    "node_modules/@popperjs/core": {
      "version": "2.11.8",
      "resolved": "https://registry.npmjs.org/@popperjs/core/-/core-2.11.8.tgz",
      "integrity": "sha512-P1st0aksCrn9sGZhp8GMYwBnQsbvAWsZAX44oXNNvLHGqAOcoVxmjZiohstwQ7SqKnbR47akdNi+uleWD8+g6A==",
      "peer": true,
      "funding": {
        "type": "opencollective",
        "url": "https://opencollective.com/popperjs"
      }
    },
    "node_modules/ace-builds": {
      "version": "1.32.7",
      "resolved": "https://registry.npmjs.org/ace-builds/-/ace-builds-1.32.7.tgz",
      "integrity": "sha512-ziv35kaYELFw4suWlotz/Xsl1/1LhWAbwFoD3zIgCgP9gXGECEsAM4GhiB0T0xZdmQjyv6hmAzO280g0+n4vGw=="
    },
    "node_modules/bootstrap": {
      "version": "5.3.2",
      "resolved": "https://registry.npmjs.org/bootstrap/-/bootstrap-5.3.2.tgz",
      "integrity": "sha512-D32nmNWiQHo94BKHLmOrdjlL05q1c8oxbtBphQFb9Z5to6eGRDCm0QgeaZ4zFBHzfg2++rqa2JkqCcxDy0sH0g==",
      "funding": [
        {
          "type": "github",
          "url": "https://github.com/sponsors/twbs"
        },
        {
          "type": "opencollective",
          "url": "https://opencollective.com/bootstrap"
        }
      ],
      "peerDependencies": {
        "@popperjs/core": "^2.11.8"
      }
    },
    "node_modules/complex.js": {
      "version": "2.1.1",
      "resolved": "https://registry.npmjs.org/complex.js/-/complex.js-2.1.1.tgz",
      "integrity": "sha512-8njCHOTtFFLtegk6zQo0kkVX1rngygb/KQI6z1qZxlFI3scluC+LVTCFbrkWjBv4vvLlbQ9t88IPMC6k95VTTg==",
      "engines": {
        "node": "*"
      },
      "funding": {
        "type": "patreon",
        "url": "https://www.patreon.com/infusion"
      }
    },
    "node_modules/decimal.js": {
      "version": "10.4.3",
      "resolved": "https://registry.npmjs.org/decimal.js/-/decimal.js-10.4.3.tgz",
      "integrity": "sha512-VBBaLc1MgL5XpzgIP7ny5Z6Nx3UrRkIViUkPUdtl9aya5amy3De1gsUUSB1g3+3sExYNjCAsAznmukyxCb1GRA=="
    },
    "node_modules/mathjax": {
      "version": "3.2.2",
      "resolved": "https://registry.npmjs.org/mathjax/-/mathjax-3.2.2.tgz",
      "integrity": "sha512-Bt+SSVU8eBG27zChVewOicYs7Xsdt40qm4+UpHyX7k0/O9NliPc+x77k1/FEsPsjKPZGJvtRZM1vO+geW0OhGw=="
    },
    "node_modules/mathlive": {
      "version": "0.98.6",
      "resolved": "https://registry.npmjs.org/mathlive/-/mathlive-0.98.6.tgz",
      "integrity": "sha512-5rRnVa1Xc9iD+f3sfQ6CWgL0GIIq0Fl6A/FbM5gZcrMaEeYn34DFIxUnLLLMgpb8vc/LZhJ1s9dDCqxv2bYTBw==",
      "dependencies": {
        "@cortex-js/compute-engine": "0.22.0"
      },
      "engines": {
        "node": ">=16.14.2",
        "npm": ">=8.5.0"
      },
      "funding": {
        "type": "individual",
        "url": "https://paypal.me/arnogourdol"
      }
    },
    "node_modules/mathlive/node_modules/@cortex-js/compute-engine": {
      "version": "0.22.0",
      "resolved": "https://registry.npmjs.org/@cortex-js/compute-engine/-/compute-engine-0.22.0.tgz",
      "integrity": "sha512-TPePa4bCbgZO/xh++3ZMNhJD7eLNTFxctbqHtIYbQjLLlUX585HaWeZqIptao4Xi59jZZtP3bPb19txTb251ZA==",
      "dependencies": {
        "complex.js": "^2.1.1",
        "decimal.js": "^10.4.3"
      },
      "engines": {
        "node": ">=16.14.2",
        "npm": ">=8.5.0"
      }
    }
  },
  "dependencies": {
    "@cortex-js/compute-engine": {
      "version": "0.24.1",
      "resolved": "https://registry.npmjs.org/@cortex-js/compute-engine/-/compute-engine-0.24.1.tgz",
      "integrity": "sha512-B9pLaZFC1vBrL64yR2LQWy2sj1E/+wtwIVokPuPqX8YWXwj9W2AMVyS9pSMN8gEdjpAC50nSmtL6110Rgi7dKA==",
      "requires": {
        "complex.js": "^2.1.1",
        "decimal.js": "^10.4.3"
      }
    },
    "@popperjs/core": {
      "version": "2.11.8",
      "resolved": "https://registry.npmjs.org/@popperjs/core/-/core-2.11.8.tgz",
      "integrity": "sha512-P1st0aksCrn9sGZhp8GMYwBnQsbvAWsZAX44oXNNvLHGqAOcoVxmjZiohstwQ7SqKnbR47akdNi+uleWD8+g6A==",
      "peer": true
    },
    "ace-builds": {
      "version": "1.32.7",
      "resolved": "https://registry.npmjs.org/ace-builds/-/ace-builds-1.32.7.tgz",
      "integrity": "sha512-ziv35kaYELFw4suWlotz/Xsl1/1LhWAbwFoD3zIgCgP9gXGECEsAM4GhiB0T0xZdmQjyv6hmAzO280g0+n4vGw=="
    },
    "bootstrap": {
      "version": "5.3.2",
      "resolved": "https://registry.npmjs.org/bootstrap/-/bootstrap-5.3.2.tgz",
      "integrity": "sha512-D32nmNWiQHo94BKHLmOrdjlL05q1c8oxbtBphQFb9Z5to6eGRDCm0QgeaZ4zFBHzfg2++rqa2JkqCcxDy0sH0g==",
      "requires": {}
    },
    "complex.js": {
      "version": "2.1.1",
      "resolved": "https://registry.npmjs.org/complex.js/-/complex.js-2.1.1.tgz",
      "integrity": "sha512-8njCHOTtFFLtegk6zQo0kkVX1rngygb/KQI6z1qZxlFI3scluC+LVTCFbrkWjBv4vvLlbQ9t88IPMC6k95VTTg=="
    },
    "decimal.js": {
      "version": "10.4.3",
      "resolved": "https://registry.npmjs.org/decimal.js/-/decimal.js-10.4.3.tgz",
      "integrity": "sha512-VBBaLc1MgL5XpzgIP7ny5Z6Nx3UrRkIViUkPUdtl9aya5amy3De1gsUUSB1g3+3sExYNjCAsAznmukyxCb1GRA=="
    },
    "mathjax": {
      "version": "3.2.2",
      "resolved": "https://registry.npmjs.org/mathjax/-/mathjax-3.2.2.tgz",
      "integrity": "sha512-Bt+SSVU8eBG27zChVewOicYs7Xsdt40qm4+UpHyX7k0/O9NliPc+x77k1/FEsPsjKPZGJvtRZM1vO+geW0OhGw=="
    },
    "mathlive": {
      "version": "0.98.6",
      "resolved": "https://registry.npmjs.org/mathlive/-/mathlive-0.98.6.tgz",
      "integrity": "sha512-5rRnVa1Xc9iD+f3sfQ6CWgL0GIIq0Fl6A/FbM5gZcrMaEeYn34DFIxUnLLLMgpb8vc/LZhJ1s9dDCqxv2bYTBw==",
      "requires": {
        "@cortex-js/compute-engine": "0.22.0"
      },
      "dependencies": {
        "@cortex-js/compute-engine": {
          "version": "0.22.0",
          "resolved": "https://registry.npmjs.org/@cortex-js/compute-engine/-/compute-engine-0.22.0.tgz",
          "integrity": "sha512-TPePa4bCbgZO/xh++3ZMNhJD7eLNTFxctbqHtIYbQjLLlUX585HaWeZqIptao4Xi59jZZtP3bPb19txTb251ZA==",
          "requires": {
            "complex.js": "^2.1.1",
            "decimal.js": "^10.4.3"
          }
        }
      }
    }
  }
}
